
Microsoft Visual Studio Solution File, Format Version 12.00
# Visual Studio 2012
Project("{9092AA53-FB77-4645-B42D-1CCCA6BD08BD}") = "totalControl", "totalControl.njsproj", "{BF6C7C09-9A96-47BD-9E08-FF61F9ED619E}"
EndProject
Global
	GlobalSection(SolutionConfigurationPlatforms) = preSolution
		Debug|Any CPU = Debug|Any CPU
		Release|Any CPU = Release|Any CPU
	EndGlobalSection
	GlobalSection(ProjectConfigurationPlatforms) = postSolution
		{BF6C7C09-9A96-47BD-9E08-FF61F9ED619E}.Debug|Any CPU.ActiveCfg = Debug|Any CPU
		{BF6C7C09-9A96-47BD-9E08-FF61F9ED619E}.Debug|Any CPU.Build.0 = Debug|Any CPU
		{BF6C7C09-9A96-47BD-9E08-FF61F9ED619E}.Release|Any CPU.ActiveCfg = Release|Any CPU
		{BF6C7C09-9A96-47BD-9E08-FF61F9ED619E}.Release|Any CPU.Build.0 = Release|Any CPU
	EndGlobalSection
	GlobalSection(SolutionProperties) = preSolution
		HideSolutionNode = FALSE
	EndGlobalSection
EndGlobal
